
Microsoft Visual Studio Solution File, Format Version 12.00
# Visual Studio Version 16
VisualStudioVersion = 16.0.34301.259
MinimumVisualStudioVersion = 10.0.40219.1
Project("{FAE04EC0-301F-11D3-BF4B-00C04F79EFBC}") = "AstolfoPlushie", "AstolfoPlushie\AstolfoPlushie.csproj", "{AD767335-6FBC-4D6F-A638-9B41E4E7EBE9}"
EndProject
Global
	GlobalSection(SolutionConfigurationPlatforms) = preSolution
		Debug|Any CPU = Debug|Any CPU
		Release|Any CPU = Release|Any CPU
	EndGlobalSection
	GlobalSection(ProjectConfigurationPlatforms) = postSolution
		{AD767335-6FBC-4D6F-A638-9B41E4E7EBE9}.Debug|Any CPU.ActiveCfg = Debug|Any CPU
		{AD767335-6FBC-4D6F-A638-9B41E4E7EBE9}.Debug|Any CPU.Build.0 = Debug|Any CPU
		{AD767335-6FBC-4D6F-A638-9B41E4E7EBE9}.Release|Any CPU.ActiveCfg = Release|Any CPU
		{AD767335-6FBC-4D6F-A638-9B41E4E7EBE9}.Release|Any CPU.Build.0 = Release|Any CPU
	EndGlobalSection
	GlobalSection(SolutionProperties) = preSolution
		HideSolutionNode = FALSE
	EndGlobalSection
	GlobalSection(ExtensibilityGlobals) = postSolution
		SolutionGuid = {3BD8A488-759E-4B49-B6C5-6EED9C32ED0F}
	EndGlobalSection
EndGlobal
